
Microsoft Visual Studio Solution File, Format Version 12.00
# Visual Studio 15
Project("{FAE04EC0-301F-11D3-BF4B-00C04F79EFBC}") = "Dynamic Positioning", "Assembly-CSharp.csproj", "{7E9C0BD6-A400-D6D8-0687-DDFE68F8F167}"
EndProject
Project("{FAE04EC0-301F-11D3-BF4B-00C04F79EFBC}") = "Dynamic Positioning", "Assembly-CSharp-firstpass.csproj", "{952DF9CC-48A6-C54C-0C33-32C5372FB30E}"
EndProject
Project("{FAE04EC0-301F-11D3-BF4B-00C04F79EFBC}") = "Dynamic Positioning", "Assembly-CSharp-Editor.csproj", "{9C979702-466E-D84F-64E7-5DAE3E8BD3F1}"
EndProject
Project("{FAE04EC0-301F-11D3-BF4B-00C04F79EFBC}") = "Dynamic Positioning", "Assembly-CSharp-Editor-firstpass.csproj", "{7C44A744-474E-01E9-C5EE-219FDAE24A93}"
EndProject
Global
	GlobalSection(SolutionConfigurationPlatforms) = preSolution
		Debug|Any CPU = Debug|Any CPU
		Release|Any CPU = Release|Any CPU
	EndGlobalSection
	GlobalSection(ProjectConfigurationPlatforms) = postSolution
		{7E9C0BD6-A400-D6D8-0687-DDFE68F8F167}.Debug|Any CPU.ActiveCfg = Debug|Any CPU
		{7E9C0BD6-A400-D6D8-0687-DDFE68F8F167}.Debug|Any CPU.Build.0 = Debug|Any CPU
		{7E9C0BD6-A400-D6D8-0687-DDFE68F8F167}.Release|Any CPU.ActiveCfg = Release|Any CPU
		{7E9C0BD6-A400-D6D8-0687-DDFE68F8F167}.Release|Any CPU.Build.0 = Release|Any CPU
		{952DF9CC-48A6-C54C-0C33-32C5372FB30E}.Debug|Any CPU.ActiveCfg = Debug|Any CPU
		{952DF9CC-48A6-C54C-0C33-32C5372FB30E}.Debug|Any CPU.Build.0 = Debug|Any CPU
		{952DF9CC-48A6-C54C-0C33-32C5372FB30E}.Release|Any CPU.ActiveCfg = Release|Any CPU
		{952DF9CC-48A6-C54C-0C33-32C5372FB30E}.Release|Any CPU.Build.0 = Release|Any CPU
		{9C979702-466E-D84F-64E7-5DAE3E8BD3F1}.Debug|Any CPU.ActiveCfg = Debug|Any CPU
		{9C979702-466E-D84F-64E7-5DAE3E8BD3F1}.Debug|Any CPU.Build.0 = Debug|Any CPU
		{9C979702-466E-D84F-64E7-5DAE3E8BD3F1}.Release|Any CPU.ActiveCfg = Release|Any CPU
		{9C979702-466E-D84F-64E7-5DAE3E8BD3F1}.Release|Any CPU.Build.0 = Release|Any CPU
		{7C44A744-474E-01E9-C5EE-219FDAE24A93}.Debug|Any CPU.ActiveCfg = Debug|Any CPU
		{7C44A744-474E-01E9-C5EE-219FDAE24A93}.Debug|Any CPU.Build.0 = Debug|Any CPU
		{7C44A744-474E-01E9-C5EE-219FDAE24A93}.Release|Any CPU.ActiveCfg = Release|Any CPU
		{7C44A744-474E-01E9-C5EE-219FDAE24A93}.Release|Any CPU.Build.0 = Release|Any CPU
	EndGlobalSection
	GlobalSection(SolutionProperties) = preSolution
		HideSolutionNode = FALSE
	EndGlobalSection
EndGlobal
