
Microsoft Visual Studio Solution File, Format Version 12.00
# Visual Studio 15
Project("{FAE04EC0-301F-11D3-BF4B-00C04F79EFBC}") = "Assembly-CSharp", "Assembly-CSharp.csproj", "{676BCB28-4003-40F5-6B12-423404DAE92A}"
EndProject
Project("{FAE04EC0-301F-11D3-BF4B-00C04F79EFBC}") = "Assembly-CSharp-firstpass", "Assembly-CSharp-firstpass.csproj", "{301767DC-EF4F-5B2F-68F2-BC5160D40DD6}"
EndProject
Global
	GlobalSection(SolutionConfigurationPlatforms) = preSolution
		Debug|Any CPU = Debug|Any CPU
		Release|Any CPU = Release|Any CPU
	EndGlobalSection
	GlobalSection(ProjectConfigurationPlatforms) = postSolution
		{676BCB28-4003-40F5-6B12-423404DAE92A}.Debug|Any CPU.ActiveCfg = Debug|Any CPU
		{676BCB28-4003-40F5-6B12-423404DAE92A}.Debug|Any CPU.Build.0 = Debug|Any CPU
		{676BCB28-4003-40F5-6B12-423404DAE92A}.Release|Any CPU.ActiveCfg = Release|Any CPU
		{676BCB28-4003-40F5-6B12-423404DAE92A}.Release|Any CPU.Build.0 = Release|Any CPU
		{301767DC-EF4F-5B2F-68F2-BC5160D40DD6}.Debug|Any CPU.ActiveCfg = Debug|Any CPU
		{301767DC-EF4F-5B2F-68F2-BC5160D40DD6}.Debug|Any CPU.Build.0 = Debug|Any CPU
		{301767DC-EF4F-5B2F-68F2-BC5160D40DD6}.Release|Any CPU.ActiveCfg = Release|Any CPU
		{301767DC-EF4F-5B2F-68F2-BC5160D40DD6}.Release|Any CPU.Build.0 = Release|Any CPU
	EndGlobalSection
	GlobalSection(SolutionProperties) = preSolution
		HideSolutionNode = FALSE
	EndGlobalSection
EndGlobal
